
Microsoft Visual Studio Solution File, Format Version 12.00
# Visual Studio Version 16
VisualStudioVersion = 16.0.29709.97
MinimumVisualStudioVersion = 10.0.40219.1
Project("{FAE04EC0-301F-11D3-BF4B-00C04F79EFBC}") = "CN1-Prj", "CN1-Prj\CN1-Prj.csproj", "{98BA4FDE-D472-4AE3-A26C-D35D67CF7E62}"
EndProject
Global
	GlobalSection(SolutionConfigurationPlatforms) = preSolution
		Debug|Any CPU = Debug|Any CPU
		Release|Any CPU = Release|Any CPU
	EndGlobalSection
	GlobalSection(ProjectConfigurationPlatforms) = postSolution
		{98BA4FDE-D472-4AE3-A26C-D35D67CF7E62}.Debug|Any CPU.ActiveCfg = Debug|Any CPU
		{98BA4FDE-D472-4AE3-A26C-D35D67CF7E62}.Debug|Any CPU.Build.0 = Debug|Any CPU
		{98BA4FDE-D472-4AE3-A26C-D35D67CF7E62}.Release|Any CPU.ActiveCfg = Release|Any CPU
		{98BA4FDE-D472-4AE3-A26C-D35D67CF7E62}.Release|Any CPU.Build.0 = Release|Any CPU
	EndGlobalSection
	GlobalSection(SolutionProperties) = preSolution
		HideSolutionNode = FALSE
	EndGlobalSection
	GlobalSection(ExtensibilityGlobals) = postSolution
		SolutionGuid = {0677D432-54EE-48B2-90DC-6E5B7463701D}
	EndGlobalSection
EndGlobal
